
Microsoft Visual Studio Solution File, Format Version 12.00
# Visual Studio Version 17
VisualStudioVersion = 17.10.35122.118
MinimumVisualStudioVersion = 10.0.40219.1
Project("{FAE04EC0-301F-11D3-BF4B-00C04F79EFBC}") = "byte-Tranfoermer-Test", "byte-Tranfoermer-Test.csproj", "{6C13F1A6-FBA2-4940-B6F1-031B7C77EC7F}"
EndProject
Global
	GlobalSection(SolutionConfigurationPlatforms) = preSolution
		Debug|Any CPU = Debug|Any CPU
		Release|Any CPU = Release|Any CPU
	EndGlobalSection
	GlobalSection(ProjectConfigurationPlatforms) = postSolution
		{6C13F1A6-FBA2-4940-B6F1-031B7C77EC7F}.Debug|Any CPU.ActiveCfg = Debug|Any CPU
		{6C13F1A6-FBA2-4940-B6F1-031B7C77EC7F}.Debug|Any CPU.Build.0 = Debug|Any CPU
		{6C13F1A6-FBA2-4940-B6F1-031B7C77EC7F}.Release|Any CPU.ActiveCfg = Release|Any CPU
		{6C13F1A6-FBA2-4940-B6F1-031B7C77EC7F}.Release|Any CPU.Build.0 = Release|Any CPU
	EndGlobalSection
	GlobalSection(SolutionProperties) = preSolution
		HideSolutionNode = FALSE
	EndGlobalSection
	GlobalSection(ExtensibilityGlobals) = postSolution
		SolutionGuid = {CD484063-0A09-45E4-84A4-1963D5DAA703}
	EndGlobalSection
EndGlobal
